
Microsoft Visual Studio Solution File, Format Version 12.00
# Visual Studio 2013
VisualStudioVersion = 12.0.40629.0
MinimumVisualStudioVersion = 10.0.40219.1
Project("{FAE04EC0-301F-11D3-BF4B-00C04F79EFBC}") = "position.client", "position.client\position.client\position.client.csproj", "{B6FAD918-8EF6-4B2B-9505-9CBEAF9A9F2D}"
EndProject
Project("{FAE04EC0-301F-11D3-BF4B-00C04F79EFBC}") = "position.client.iOS", "position.client\position.client.iOS\position.client.iOS.csproj", "{B166393E-66D9-4E66-87FC-4EA1B4665364}"
EndProject
Project("{FAE04EC0-301F-11D3-BF4B-00C04F79EFBC}") = "position.client.Droid", "position.client\position.client.Droid\position.client.Droid.csproj", "{D1601670-8BFC-4D8E-8F94-B4816C8AE1DC}"
EndProject
Project("{FAE04EC0-301F-11D3-BF4B-00C04F79EFBC}") = "position.client.WinPhone", "position.client\position.client.WinPhone\position.client.WinPhone.csproj", "{93FBBD2F-7BC4-4039-928D-DA6458BD4E31}"
EndProject
Global
	GlobalSection(SolutionConfigurationPlatforms) = preSolution
		Ad-Hoc|Any CPU = Ad-Hoc|Any CPU
		Ad-Hoc|ARM = Ad-Hoc|ARM
		Ad-Hoc|iPhone = Ad-Hoc|iPhone
		Ad-Hoc|iPhoneSimulator = Ad-Hoc|iPhoneSimulator
		Ad-Hoc|Mixed Platforms = Ad-Hoc|Mixed Platforms
		Ad-Hoc|x86 = Ad-Hoc|x86
		AppStore|Any CPU = AppStore|Any CPU
		AppStore|ARM = AppStore|ARM
		AppStore|iPhone = AppStore|iPhone
		AppStore|iPhoneSimulator = AppStore|iPhoneSimulator
		AppStore|Mixed Platforms = AppStore|Mixed Platforms
		AppStore|x86 = AppStore|x86
		Debug|Any CPU = Debug|Any CPU
		Debug|ARM = Debug|ARM
		Debug|iPhone = Debug|iPhone
		Debug|iPhoneSimulator = Debug|iPhoneSimulator
		Debug|Mixed Platforms = Debug|Mixed Platforms
		Debug|x86 = Debug|x86
		Release|Any CPU = Release|Any CPU
		Release|ARM = Release|ARM
		Release|iPhone = Release|iPhone
		Release|iPhoneSimulator = Release|iPhoneSimulator
		Release|Mixed Platforms = Release|Mixed Platforms
		Release|x86 = Release|x86
	EndGlobalSection
	GlobalSection(ProjectConfigurationPlatforms) = postSolution
		{B6FAD918-8EF6-4B2B-9505-9CBEAF9A9F2D}.Ad-Hoc|Any CPU.ActiveCfg = Release|Any CPU
		{B6FAD918-8EF6-4B2B-9505-9CBEAF9A9F2D}.Ad-Hoc|Any CPU.Build.0 = Release|Any CPU
		{B6FAD918-8EF6-4B2B-9505-9CBEAF9A9F2D}.Ad-Hoc|ARM.ActiveCfg = Release|Any CPU
		{B6FAD918-8EF6-4B2B-9505-9CBEAF9A9F2D}.Ad-Hoc|iPhone.ActiveCfg = Release|Any CPU
		{B6FAD918-8EF6-4B2B-9505-9CBEAF9A9F2D}.Ad-Hoc|iPhoneSimulator.ActiveCfg = Release|Any CPU
		{B6FAD918-8EF6-4B2B-9505-9CBEAF9A9F2D}.Ad-Hoc|Mixed Platforms.ActiveCfg = Release|Any CPU
		{B6FAD918-8EF6-4B2B-9505-9CBEAF9A9F2D}.Ad-Hoc|Mixed Platforms.Build.0 = Release|Any CPU
		{B6FAD918-8EF6-4B2B-9505-9CBEAF9A9F2D}.Ad-Hoc|x86.ActiveCfg = Release|Any CPU
		{B6FAD918-8EF6-4B2B-9505-9CBEAF9A9F2D}.AppStore|Any CPU.ActiveCfg = Release|Any CPU
		{B6FAD918-8EF6-4B2B-9505-9CBEAF9A9F2D}.AppStore|Any CPU.Build.0 = Release|Any CPU
		{B6FAD918-8EF6-4B2B-9505-9CBEAF9A9F2D}.AppStore|ARM.ActiveCfg = Release|Any CPU
		{B6FAD918-8EF6-4B2B-9505-9CBEAF9A9F2D}.AppStore|iPhone.ActiveCfg = Release|Any CPU
		{B6FAD918-8EF6-4B2B-9505-9CBEAF9A9F2D}.AppStore|iPhoneSimulator.ActiveCfg = Release|Any CPU
		{B6FAD918-8EF6-4B2B-9505-9CBEAF9A9F2D}.AppStore|Mixed Platforms.ActiveCfg = Release|Any CPU
		{B6FAD918-8EF6-4B2B-9505-9CBEAF9A9F2D}.AppStore|Mixed Platforms.Build.0 = Release|Any CPU
		{B6FAD918-8EF6-4B2B-9505-9CBEAF9A9F2D}.AppStore|x86.ActiveCfg = Release|Any CPU
		{B6FAD918-8EF6-4B2B-9505-9CBEAF9A9F2D}.Debug|Any CPU.ActiveCfg = Debug|Any CPU
		{B6FAD918-8EF6-4B2B-9505-9CBEAF9A9F2D}.Debug|Any CPU.Build.0 = Debug|Any CPU
		{B6FAD918-8EF6-4B2B-9505-9CBEAF9A9F2D}.Debug|ARM.ActiveCfg = Debug|Any CPU
		{B6FAD918-8EF6-4B2B-9505-9CBEAF9A9F2D}.Debug|iPhone.ActiveCfg = Debug|Any CPU
		{B6FAD918-8EF6-4B2B-9505-9CBEAF9A9F2D}.Debug|iPhoneSimulator.ActiveCfg = Debug|Any CPU
		{B6FAD918-8EF6-4B2B-9505-9CBEAF9A9F2D}.Debug|Mixed Platforms.ActiveCfg = Debug|Any CPU
		{B6FAD918-8EF6-4B2B-9505-9CBEAF9A9F2D}.Debug|Mixed Platforms.Build.0 = Debug|Any CPU
		{B6FAD918-8EF6-4B2B-9505-9CBEAF9A9F2D}.Debug|x86.ActiveCfg = Debug|Any CPU
		{B6FAD918-8EF6-4B2B-9505-9CBEAF9A9F2D}.Release|Any CPU.ActiveCfg = Release|Any CPU
		{B6FAD918-8EF6-4B2B-9505-9CBEAF9A9F2D}.Release|Any CPU.Build.0 = Release|Any CPU
		{B6FAD918-8EF6-4B2B-9505-9CBEAF9A9F2D}.Release|ARM.ActiveCfg = Release|Any CPU
		{B6FAD918-8EF6-4B2B-9505-9CBEAF9A9F2D}.Release|iPhone.ActiveCfg = Release|Any CPU
		{B6FAD918-8EF6-4B2B-9505-9CBEAF9A9F2D}.Release|iPhoneSimulator.ActiveCfg = Release|Any CPU
		{B6FAD918-8EF6-4B2B-9505-9CBEAF9A9F2D}.Release|Mixed Platforms.ActiveCfg = Release|Any CPU
		{B6FAD918-8EF6-4B2B-9505-9CBEAF9A9F2D}.Release|Mixed Platforms.Build.0 = Release|Any CPU
		{B6FAD918-8EF6-4B2B-9505-9CBEAF9A9F2D}.Release|x86.ActiveCfg = Release|Any CPU
		{B166393E-66D9-4E66-87FC-4EA1B4665364}.Ad-Hoc|Any CPU.ActiveCfg = Ad-Hoc|iPhone
		{B166393E-66D9-4E66-87FC-4EA1B4665364}.Ad-Hoc|ARM.ActiveCfg = Ad-Hoc|iPhone
		{B166393E-66D9-4E66-87FC-4EA1B4665364}.Ad-Hoc|iPhone.ActiveCfg = Ad-Hoc|iPhone
		{B166393E-66D9-4E66-87FC-4EA1B4665364}.Ad-Hoc|iPhone.Build.0 = Ad-Hoc|iPhone
		{B166393E-66D9-4E66-87FC-4EA1B4665364}.Ad-Hoc|iPhoneSimulator.ActiveCfg = Ad-Hoc|iPhoneSimulator
		{B166393E-66D9-4E66-87FC-4EA1B4665364}.Ad-Hoc|iPhoneSimulator.Build.0 = Ad-Hoc|iPhoneSimulator
		{B166393E-66D9-4E66-87FC-4EA1B4665364}.Ad-Hoc|Mixed Platforms.ActiveCfg = Ad-Hoc|iPhone
		{B166393E-66D9-4E66-87FC-4EA1B4665364}.Ad-Hoc|Mixed Platforms.Build.0 = Ad-Hoc|iPhone
		{B166393E-66D9-4E66-87FC-4EA1B4665364}.Ad-Hoc|x86.ActiveCfg = Ad-Hoc|iPhone
		{B166393E-66D9-4E66-87FC-4EA1B4665364}.AppStore|Any CPU.ActiveCfg = AppStore|iPhone
		{B166393E-66D9-4E66-87FC-4EA1B4665364}.AppStore|ARM.ActiveCfg = AppStore|iPhone
		{B166393E-66D9-4E66-87FC-4EA1B4665364}.AppStore|iPhone.ActiveCfg = AppStore|iPhone
		{B166393E-66D9-4E66-87FC-4EA1B4665364}.AppStore|iPhone.Build.0 = AppStore|iPhone
		{B166393E-66D9-4E66-87FC-4EA1B4665364}.AppStore|iPhoneSimulator.ActiveCfg = AppStore|iPhoneSimulator
		{B166393E-66D9-4E66-87FC-4EA1B4665364}.AppStore|iPhoneSimulator.Build.0 = AppStore|iPhoneSimulator
		{B166393E-66D9-4E66-87FC-4EA1B4665364}.AppStore|Mixed Platforms.ActiveCfg = AppStore|iPhone
		{B166393E-66D9-4E66-87FC-4EA1B4665364}.AppStore|Mixed Platforms.Build.0 = AppStore|iPhone
		{B166393E-66D9-4E66-87FC-4EA1B4665364}.AppStore|x86.ActiveCfg = AppStore|iPhone
		{B166393E-66D9-4E66-87FC-4EA1B4665364}.Debug|Any CPU.ActiveCfg = Debug|iPhone
		{B166393E-66D9-4E66-87FC-4EA1B4665364}.Debug|ARM.ActiveCfg = Debug|iPhone
		{B166393E-66D9-4E66-87FC-4EA1B4665364}.Debug|iPhone.ActiveCfg = Debug|iPhone
		{B166393E-66D9-4E66-87FC-4EA1B4665364}.Debug|iPhone.Build.0 = Debug|iPhone
		{B166393E-66D9-4E66-87FC-4EA1B4665364}.Debug|iPhoneSimulator.ActiveCfg = Debug|iPhoneSimulator
		{B166393E-66D9-4E66-87FC-4EA1B4665364}.Debug|iPhoneSimulator.Build.0 = Debug|iPhoneSimulator
		{B166393E-66D9-4E66-87FC-4EA1B4665364}.Debug|Mixed Platforms.ActiveCfg = Debug|iPhone
		{B166393E-66D9-4E66-87FC-4EA1B4665364}.Debug|Mixed Platforms.Build.0 = Debug|iPhone
		{B166393E-66D9-4E66-87FC-4EA1B4665364}.Debug|x86.ActiveCfg = Debug|iPhone
		{B166393E-66D9-4E66-87FC-4EA1B4665364}.Release|Any CPU.ActiveCfg = Release|iPhone
		{B166393E-66D9-4E66-87FC-4EA1B4665364}.Release|ARM.ActiveCfg = Release|iPhone
		{B166393E-66D9-4E66-87FC-4EA1B4665364}.Release|iPhone.ActiveCfg = Release|iPhone
		{B166393E-66D9-4E66-87FC-4EA1B4665364}.Release|iPhone.Build.0 = Release|iPhone
		{B166393E-66D9-4E66-87FC-4EA1B4665364}.Release|iPhoneSimulator.ActiveCfg = Release|iPhoneSimulator
		{B166393E-66D9-4E66-87FC-4EA1B4665364}.Release|iPhoneSimulator.Build.0 = Release|iPhoneSimulator
		{B166393E-66D9-4E66-87FC-4EA1B4665364}.Release|Mixed Platforms.ActiveCfg = Release|iPhone
		{B166393E-66D9-4E66-87FC-4EA1B4665364}.Release|Mixed Platforms.Build.0 = Release|iPhone
		{B166393E-66D9-4E66-87FC-4EA1B4665364}.Release|x86.ActiveCfg = Release|iPhone
		{D1601670-8BFC-4D8E-8F94-B4816C8AE1DC}.Ad-Hoc|Any CPU.ActiveCfg = Release|Any CPU
		{D1601670-8BFC-4D8E-8F94-B4816C8AE1DC}.Ad-Hoc|Any CPU.Build.0 = Release|Any CPU
		{D1601670-8BFC-4D8E-8F94-B4816C8AE1DC}.Ad-Hoc|Any CPU.Deploy.0 = Release|Any CPU
		{D1601670-8BFC-4D8E-8F94-B4816C8AE1DC}.Ad-Hoc|ARM.ActiveCfg = Release|Any CPU
		{D1601670-8BFC-4D8E-8F94-B4816C8AE1DC}.Ad-Hoc|iPhone.ActiveCfg = Release|Any CPU
		{D1601670-8BFC-4D8E-8F94-B4816C8AE1DC}.Ad-Hoc|iPhoneSimulator.ActiveCfg = Release|Any CPU
		{D1601670-8BFC-4D8E-8F94-B4816C8AE1DC}.Ad-Hoc|Mixed Platforms.ActiveCfg = Release|Any CPU
		{D1601670-8BFC-4D8E-8F94-B4816C8AE1DC}.Ad-Hoc|Mixed Platforms.Build.0 = Release|Any CPU
		{D1601670-8BFC-4D8E-8F94-B4816C8AE1DC}.Ad-Hoc|Mixed Platforms.Deploy.0 = Release|Any CPU
		{D1601670-8BFC-4D8E-8F94-B4816C8AE1DC}.Ad-Hoc|x86.ActiveCfg = Release|Any CPU
		{D1601670-8BFC-4D8E-8F94-B4816C8AE1DC}.AppStore|Any CPU.ActiveCfg = Release|Any CPU
		{D1601670-8BFC-4D8E-8F94-B4816C8AE1DC}.AppStore|Any CPU.Build.0 = Release|Any CPU
		{D1601670-8BFC-4D8E-8F94-B4816C8AE1DC}.AppStore|Any CPU.Deploy.0 = Release|Any CPU
		{D1601670-8BFC-4D8E-8F94-B4816C8AE1DC}.AppStore|ARM.ActiveCfg = Release|Any CPU
		{D1601670-8BFC-4D8E-8F94-B4816C8AE1DC}.AppStore|iPhone.ActiveCfg = Release|Any CPU
		{D1601670-8BFC-4D8E-8F94-B4816C8AE1DC}.AppStore|iPhoneSimulator.ActiveCfg = Release|Any CPU
		{D1601670-8BFC-4D8E-8F94-B4816C8AE1DC}.AppStore|Mixed Platforms.ActiveCfg = Release|Any CPU
		{D1601670-8BFC-4D8E-8F94-B4816C8AE1DC}.AppStore|Mixed Platforms.Build.0 = Release|Any CPU
		{D1601670-8BFC-4D8E-8F94-B4816C8AE1DC}.AppStore|Mixed Platforms.Deploy.0 = Release|Any CPU
		{D1601670-8BFC-4D8E-8F94-B4816C8AE1DC}.AppStore|x86.ActiveCfg = Release|Any CPU
		{D1601670-8BFC-4D8E-8F94-B4816C8AE1DC}.Debug|Any CPU.ActiveCfg = Debug|Any CPU
		{D1601670-8BFC-4D8E-8F94-B4816C8AE1DC}.Debug|Any CPU.Build.0 = Debug|Any CPU
		{D1601670-8BFC-4D8E-8F94-B4816C8AE1DC}.Debug|Any CPU.Deploy.0 = Debug|Any CPU
		{D1601670-8BFC-4D8E-8F94-B4816C8AE1DC}.Debug|ARM.ActiveCfg = Debug|Any CPU
		{D1601670-8BFC-4D8E-8F94-B4816C8AE1DC}.Debug|iPhone.ActiveCfg = Debug|Any CPU
		{D1601670-8BFC-4D8E-8F94-B4816C8AE1DC}.Debug|iPhoneSimulator.ActiveCfg = Debug|Any CPU
		{D1601670-8BFC-4D8E-8F94-B4816C8AE1DC}.Debug|Mixed Platforms.ActiveCfg = Debug|Any CPU
		{D1601670-8BFC-4D8E-8F94-B4816C8AE1DC}.Debug|Mixed Platforms.Build.0 = Debug|Any CPU
		{D1601670-8BFC-4D8E-8F94-B4816C8AE1DC}.Debug|Mixed Platforms.Deploy.0 = Debug|Any CPU
		{D1601670-8BFC-4D8E-8F94-B4816C8AE1DC}.Debug|x86.ActiveCfg = Debug|Any CPU
		{D1601670-8BFC-4D8E-8F94-B4816C8AE1DC}.Release|Any CPU.ActiveCfg = Release|Any CPU
		{D1601670-8BFC-4D8E-8F94-B4816C8AE1DC}.Release|Any CPU.Build.0 = Release|Any CPU
		{D1601670-8BFC-4D8E-8F94-B4816C8AE1DC}.Release|Any CPU.Deploy.0 = Release|Any CPU
		{D1601670-8BFC-4D8E-8F94-B4816C8AE1DC}.Release|ARM.ActiveCfg = Release|Any CPU
		{D1601670-8BFC-4D8E-8F94-B4816C8AE1DC}.Release|iPhone.ActiveCfg = Release|Any CPU
		{D1601670-8BFC-4D8E-8F94-B4816C8AE1DC}.Release|iPhoneSimulator.ActiveCfg = Release|Any CPU
		{D1601670-8BFC-4D8E-8F94-B4816C8AE1DC}.Release|Mixed Platforms.ActiveCfg = Release|Any CPU
		{D1601670-8BFC-4D8E-8F94-B4816C8AE1DC}.Release|Mixed Platforms.Build.0 = Release|Any CPU
		{D1601670-8BFC-4D8E-8F94-B4816C8AE1DC}.Release|Mixed Platforms.Deploy.0 = Release|Any CPU
		{D1601670-8BFC-4D8E-8F94-B4816C8AE1DC}.Release|x86.ActiveCfg = Release|Any CPU
		{93FBBD2F-7BC4-4039-928D-DA6458BD4E31}.Ad-Hoc|Any CPU.ActiveCfg = Release|Any CPU
		{93FBBD2F-7BC4-4039-928D-DA6458BD4E31}.Ad-Hoc|Any CPU.Build.0 = Release|Any CPU
		{93FBBD2F-7BC4-4039-928D-DA6458BD4E31}.Ad-Hoc|Any CPU.Deploy.0 = Release|Any CPU
		{93FBBD2F-7BC4-4039-928D-DA6458BD4E31}.Ad-Hoc|ARM.ActiveCfg = Release|ARM
		{93FBBD2F-7BC4-4039-928D-DA6458BD4E31}.Ad-Hoc|ARM.Build.0 = Release|ARM
		{93FBBD2F-7BC4-4039-928D-DA6458BD4E31}.Ad-Hoc|ARM.Deploy.0 = Release|ARM
		{93FBBD2F-7BC4-4039-928D-DA6458BD4E31}.Ad-Hoc|iPhone.ActiveCfg = Release|Any CPU
		{93FBBD2F-7BC4-4039-928D-DA6458BD4E31}.Ad-Hoc|iPhoneSimulator.ActiveCfg = Release|Any CPU
		{93FBBD2F-7BC4-4039-928D-DA6458BD4E31}.Ad-Hoc|Mixed Platforms.ActiveCfg = Release|x86
		{93FBBD2F-7BC4-4039-928D-DA6458BD4E31}.Ad-Hoc|Mixed Platforms.Build.0 = Release|x86
		{93FBBD2F-7BC4-4039-928D-DA6458BD4E31}.Ad-Hoc|Mixed Platforms.Deploy.0 = Release|x86
		{93FBBD2F-7BC4-4039-928D-DA6458BD4E31}.Ad-Hoc|x86.ActiveCfg = Release|x86
		{93FBBD2F-7BC4-4039-928D-DA6458BD4E31}.Ad-Hoc|x86.Build.0 = Release|x86
		{93FBBD2F-7BC4-4039-928D-DA6458BD4E31}.Ad-Hoc|x86.Deploy.0 = Release|x86
		{93FBBD2F-7BC4-4039-928D-DA6458BD4E31}.AppStore|Any CPU.ActiveCfg = Release|Any CPU
		{93FBBD2F-7BC4-4039-928D-DA6458BD4E31}.AppStore|Any CPU.Build.0 = Release|Any CPU
		{93FBBD2F-7BC4-4039-928D-DA6458BD4E31}.AppStore|Any CPU.Deploy.0 = Release|Any CPU
		{93FBBD2F-7BC4-4039-928D-DA6458BD4E31}.AppStore|ARM.ActiveCfg = Release|ARM
		{93FBBD2F-7BC4-4039-928D-DA6458BD4E31}.AppStore|ARM.Build.0 = Release|ARM
		{93FBBD2F-7BC4-4039-928D-DA6458BD4E31}.AppStore|ARM.Deploy.0 = Release|ARM
		{93FBBD2F-7BC4-4039-928D-DA6458BD4E31}.AppStore|iPhone.ActiveCfg = Release|Any CPU
		{93FBBD2F-7BC4-4039-928D-DA6458BD4E31}.AppStore|iPhoneSimulator.ActiveCfg = Release|Any CPU
		{93FBBD2F-7BC4-4039-928D-DA6458BD4E31}.AppStore|Mixed Platforms.ActiveCfg = Release|x86
		{93FBBD2F-7BC4-4039-928D-DA6458BD4E31}.AppStore|Mixed Platforms.Build.0 = Release|x86
		{93FBBD2F-7BC4-4039-928D-DA6458BD4E31}.AppStore|Mixed Platforms.Deploy.0 = Release|x86
		{93FBBD2F-7BC4-4039-928D-DA6458BD4E31}.AppStore|x86.ActiveCfg = Release|x86
		{93FBBD2F-7BC4-4039-928D-DA6458BD4E31}.AppStore|x86.Build.0 = Release|x86
		{93FBBD2F-7BC4-4039-928D-DA6458BD4E31}.AppStore|x86.Deploy.0 = Release|x86
		{93FBBD2F-7BC4-4039-928D-DA6458BD4E31}.Debug|Any CPU.ActiveCfg = Debug|Any CPU
		{93FBBD2F-7BC4-4039-928D-DA6458BD4E31}.Debug|Any CPU.Build.0 = Debug|Any CPU
		{93FBBD2F-7BC4-4039-928D-DA6458BD4E31}.Debug|Any CPU.Deploy.0 = Debug|Any CPU
		{93FBBD2F-7BC4-4039-928D-DA6458BD4E31}.Debug|ARM.ActiveCfg = Debug|ARM
		{93FBBD2F-7BC4-4039-928D-DA6458BD4E31}.Debug|ARM.Build.0 = Debug|ARM
		{93FBBD2F-7BC4-4039-928D-DA6458BD4E31}.Debug|ARM.Deploy.0 = Debug|ARM
		{93FBBD2F-7BC4-4039-928D-DA6458BD4E31}.Debug|iPhone.ActiveCfg = Debug|Any CPU
		{93FBBD2F-7BC4-4039-928D-DA6458BD4E31}.Debug|iPhoneSimulator.ActiveCfg = Debug|Any CPU
		{93FBBD2F-7BC4-4039-928D-DA6458BD4E31}.Debug|Mixed Platforms.ActiveCfg = Debug|x86
		{93FBBD2F-7BC4-4039-928D-DA6458BD4E31}.Debug|Mixed Platforms.Build.0 = Debug|x86
		{93FBBD2F-7BC4-4039-928D-DA6458BD4E31}.Debug|Mixed Platforms.Deploy.0 = Debug|x86
		{93FBBD2F-7BC4-4039-928D-DA6458BD4E31}.Debug|x86.ActiveCfg = Debug|x86
		{93FBBD2F-7BC4-4039-928D-DA6458BD4E31}.Debug|x86.Build.0 = Debug|x86
		{93FBBD2F-7BC4-4039-928D-DA6458BD4E31}.Debug|x86.Deploy.0 = Debug|x86
		{93FBBD2F-7BC4-4039-928D-DA6458BD4E31}.Release|Any CPU.ActiveCfg = Release|Any CPU
		{93FBBD2F-7BC4-4039-928D-DA6458BD4E31}.Release|Any CPU.Build.0 = Release|Any CPU
		{93FBBD2F-7BC4-4039-928D-DA6458BD4E31}.Release|Any CPU.Deploy.0 = Release|Any CPU
		{93FBBD2F-7BC4-4039-928D-DA6458BD4E31}.Release|ARM.ActiveCfg = Release|ARM
		{93FBBD2F-7BC4-4039-928D-DA6458BD4E31}.Release|ARM.Build.0 = Release|ARM
		{93FBBD2F-7BC4-4039-928D-DA6458BD4E31}.Release|ARM.Deploy.0 = Release|ARM
		{93FBBD2F-7BC4-4039-928D-DA6458BD4E31}.Release|iPhone.ActiveCfg = Release|Any CPU
		{93FBBD2F-7BC4-4039-928D-DA6458BD4E31}.Release|iPhoneSimulator.ActiveCfg = Release|Any CPU
		{93FBBD2F-7BC4-4039-928D-DA6458BD4E31}.Release|Mixed Platforms.ActiveCfg = Release|x86
		{93FBBD2F-7BC4-4039-928D-DA6458BD4E31}.Release|Mixed Platforms.Build.0 = Release|x86
		{93FBBD2F-7BC4-4039-928D-DA6458BD4E31}.Release|Mixed Platforms.Deploy.0 = Release|x86
		{93FBBD2F-7BC4-4039-928D-DA6458BD4E31}.Release|x86.ActiveCfg = Release|x86
		{93FBBD2F-7BC4-4039-928D-DA6458BD4E31}.Release|x86.Build.0 = Release|x86
		{93FBBD2F-7BC4-4039-928D-DA6458BD4E31}.Release|x86.Deploy.0 = Release|x86
	EndGlobalSection
	GlobalSection(SolutionProperties) = preSolution
		HideSolutionNode = FALSE
	EndGlobalSection
EndGlobal
